
Microsoft Visual Studio Solution File, Format Version 12.00
Project("{FAE04EC0-301F-11D3-BF4B-00C04F79EFBC}") = "Linux.Lab.5.Shower.Monitors", "..\Linux.Lab.5.Shower.Monitors\Linux.Lab.5.Shower.Monitors.csproj", "{2D56F770-4E57-4A99-9591-8F690F6F5E03}"
EndProject
Project("{FAE04EC0-301F-11D3-BF4B-00C04F79EFBC}") = "Linux.Lab.5.Shower.Semaphores", "..\Linux.Lab.5.Shower.Semaphores\Linux.Lab.5.Shower.Semaphores.csproj", "{AFDFBA1A-D7E1-4E16-B7D2-9E0D436FB40A}"
EndProject
Global
	GlobalSection(SolutionConfigurationPlatforms) = preSolution
		Debug|Any CPU = Debug|Any CPU
		Release|Any CPU = Release|Any CPU
	EndGlobalSection
	GlobalSection(ProjectConfigurationPlatforms) = postSolution
		{2D56F770-4E57-4A99-9591-8F690F6F5E03}.Debug|Any CPU.ActiveCfg = Debug|Any CPU
		{2D56F770-4E57-4A99-9591-8F690F6F5E03}.Debug|Any CPU.Build.0 = Debug|Any CPU
		{2D56F770-4E57-4A99-9591-8F690F6F5E03}.Release|Any CPU.ActiveCfg = Release|Any CPU
		{2D56F770-4E57-4A99-9591-8F690F6F5E03}.Release|Any CPU.Build.0 = Release|Any CPU
		{AFDFBA1A-D7E1-4E16-B7D2-9E0D436FB40A}.Debug|Any CPU.ActiveCfg = Debug|Any CPU
		{AFDFBA1A-D7E1-4E16-B7D2-9E0D436FB40A}.Debug|Any CPU.Build.0 = Debug|Any CPU
		{AFDFBA1A-D7E1-4E16-B7D2-9E0D436FB40A}.Release|Any CPU.ActiveCfg = Release|Any CPU
		{AFDFBA1A-D7E1-4E16-B7D2-9E0D436FB40A}.Release|Any CPU.Build.0 = Release|Any CPU
	EndGlobalSection
EndGlobal
